// !$*UTF8*$!
{
	archiveVersion = 1;
	classes = {
	};
	objectVersion = 46;
	objects = {

/* Begin PBXBuildFile section */
		2ADCFEA01A56020300FE69BB /* main.m in Sources */ = {isa = PBXBuildFile; fileRef = 2ADCFE9F1A56020300FE69BB /* main.m */; };
		2ADCFEA31A56020300FE69BB /* AppDelegate.m in Sources */ = {isa = PBXBuildFile; fileRef = 2ADCFEA21A56020300FE69BB /* AppDelegate.m */; };
		2ADCFEA61A56020300FE69BB /* ViewController.m in Sources */ = {isa = PBXBuildFile; fileRef = 2ADCFEA51A56020300FE69BB /* ViewController.m */; };
		2ADCFEA91A56020300FE69BB /* Main.storyboard in Resources */ = {isa = PBXBuildFile; fileRef = 2ADCFEA71A56020300FE69BB /* Main.storyboard */; };
		2ADCFEAB1A56020300FE69BB /* Images.xcassets in Resources */ = {isa = PBXBuildFile; fileRef = 2ADCFEAA1A56020300FE69BB /* Images.xcassets */; };
		2ADCFEAE1A56020300FE69BB /* LaunchScreen.xib in Resources */ = {isa = PBXBuildFile; fileRef = 2ADCFEAC1A56020300FE69BB /* LaunchScreen.xib */; };
		2ADCFEBA1A56020300FE69BB /* Buttons_GameTests.m in Sources */ = {isa = PBXBuildFile; fileRef = 2ADCFEB91A56020300FE69BB /* Buttons_GameTests.m */; };
		2ADCFEC41A561C2B00FE69BB /* Background.jpg in Resources */ = {isa = PBXBuildFile; fileRef = 2ADCFEC31A561C2B00FE69BB /* Background.jpg */; };
/* End PBXBuildFile section */

/* Begin PBXContainerItemProxy section */
		2ADCFEB41A56020300FE69BB /* PBXContainerItemProxy */ = {
			isa = PBXContainerItemProxy;
			containerPortal = 2ADCFE921A56020300FE69BB /* Project object */;
			proxyType = 1;
			remoteGlobalIDString = 2ADCFE991A56020300FE69BB;
			remoteInfo = "Buttons Game";
		};
/* End PBXContainerItemProxy section */

/* Begin PBXFileReference section */
		2ADCFE9A1A56020300FE69BB /* Buttons Game.app */ = {isa = PBXFileReference; explicitFileType = wrapper.application; includeInIndex = 0; path = "Buttons Game.app"; sourceTree = BUILT_PRODUCTS_DIR; };
		2ADCFE9E1A56020300FE69BB /* Info.plist */ = {isa = PBXFileReference; lastKnownFileType = text.plist.xml; path = Info.plist; sourceTree = "<group>"; };
		2ADCFE9F1A56020300FE69BB /* main.m */ = {isa = PBXFileReference; lastKnownFileType = sourcecode.c.objc; path = main.m; sourceTree = "<group>"; };
		2ADCFEA11A56020300FE69BB /* AppDelegate.h */ = {isa = PBXFileReference; lastKnownFileType = sourcecode.c.h; path = AppDelegate.h; sourceTree = "<group>"; };
		2ADCFEA21A56020300FE69BB /* AppDelegate.m */ = {isa = PBXFileReference; lastKnownFileType = sourcecode.c.objc; path = AppDelegate.m; sourceTree = "<group>"; };
		2ADCFEA41A56020300FE69BB /* ViewController.h */ = {isa = PBXFileReference; lastKnownFileType = sourcecode.c.h; path = ViewController.h; sourceTree = "<group>"; };
		2ADCFEA51A56020300FE69BB /* ViewController.m */ = {isa = PBXFileReference; lastKnownFileType = sourcecode.c.objc; path = ViewController.m; sourceTree = "<group>"; };
		2ADCFEA81A56020300FE69BB /* Base */ = {isa = PBXFileReference; lastKnownFileType = file.storyboard; name = Base; path = Base.lproj/Main.storyboard; sourceTree = "<group>"; };
		2ADCFEAA1A56020300FE69BB /* Images.xcassets */ = {isa = PBXFileReference; lastKnownFileType = folder.assetcatalog; path = Images.xcassets; sourceTree = "<group>"; };
		2ADCFEAD1A56020300FE69BB /* Base */ = {isa = PBXFileReference; lastKnownFileType = file.xib; name = Base; path = Base.lproj/LaunchScreen.xib; sourceTree = "<group>"; };
		2ADCFEB31A56020300FE69BB /* Buttons GameTests.xctest */ = {isa = PBXFileReference; explicitFileType = wrapper.cfbundle; includeInIndex = 0; path = "Buttons GameTests.xctest"; sourceTree = BUILT_PRODUCTS_DIR; };
		2ADCFEB81A56020300FE69BB /* Info.plist */ = {isa = PBXFileReference; lastKnownFileType = text.plist.xml; path = Info.plist; sourceTree = "<group>"; };
		2ADCFEB91A56020300FE69BB /* Buttons_GameTests.m */ = {isa = PBXFileReference; lastKnownFileType = sourcecode.c.objc; path = Buttons_GameTests.m; sourceTree = "<group>"; };
		2ADCFEC31A561C2B00FE69BB /* Background.jpg */ = {isa = PBXFileReference; lastKnownFileType = image.jpeg; name = Background.jpg; path = ../../../../../Desktop/Background.jpg; sourceTree = "<group>"; };
/* End PBXFileReference section */

/* Begin PBXFrameworksBuildPhase section */
		2ADCFE971A56020300FE69BB /* Frameworks */ = {
			isa = PBXFrameworksBuildPhase;
			buildActionMask = 2147483647;
			files = (
			);
			runOnlyForDeploymentPostprocessing = 0;
		};
		2ADCFEB01A56020300FE69BB /* Frameworks */ = {
			isa = PBXFrameworksBuildPhase;
			buildActionMask = 2147483647;
			files = (
			);
			runOnlyForDeploymentPostprocessing = 0;
		};
/* End PBXFrameworksBuildPhase section */

/* Begin PBXGroup section */
		2ADCFE911A56020300FE69BB = {
			isa = PBXGroup;
			children = (
				2ADCFE9C1A56020300FE69BB /* Buttons Game */,
				2ADCFEB61A56020300FE69BB /* Buttons GameTests */,
				2ADCFE9B1A56020300FE69BB /* Products */,
			);
			sourceTree = "<group>";
		};
		2ADCFE9B1A56020300FE69BB /* Products */ = {
			isa = PBXGroup;
			children = (
				2ADCFE9A1A56020300FE69BB /* Buttons Game.app */,
				2ADCFEB31A56020300FE69BB /* Buttons GameTests.xctest */,
			);
			name = Products;
			sourceTree = "<group>";
		};
		2ADCFE9C1A56020300FE69BB /* Buttons Game */ = {
			isa = PBXGroup;
			children = (
				2ADCFEA11A56020300FE69BB /* AppDelegate.h */,
				2ADCFEA21A56020300FE69BB /* AppDelegate.m */,
				2ADCFEA41A56020300FE69BB /* ViewController.h */,
				2ADCFEA51A56020300FE69BB /* ViewController.m */,
				2ADCFEA71A56020300FE69BB /* Main.storyboard */,
				2ADCFEAA1A56020300FE69BB /* Images.xcassets */,
				2ADCFEAC1A56020300FE69BB /* LaunchScreen.xib */,
				2ADCFE9D1A56020300FE69BB /* Supporting Files */,
			);
			path = "Buttons Game";
			sourceTree = "<group>";
		};
		2ADCFE9D1A56020300FE69BB /* Supporting Files */ = {
			isa = PBXGroup;
			children = (
				2ADCFEC31A561C2B00FE69BB /* Background.jpg */,
				2ADCFE9E1A56020300FE69BB /* Info.plist */,
				2ADCFE9F1A56020300FE69BB /* main.m */,
			);
			name = "Supporting Files";
			sourceTree = "<group>";
		};
		2ADCFEB61A56020300FE69BB /* Buttons GameTests */ = {
			isa = PBXGroup;
			children = (
				2ADCFEB91A56020300FE69BB /* Buttons_GameTests.m */,
				2ADCFEB71A56020300FE69BB /* Supporting Files */,
			);
			path = "Buttons GameTests";
			sourceTree = "<group>";
		};
		2ADCFEB71A56020300FE69BB /* Supporting Files */ = {
			isa = PBXGroup;
			children = (
				2ADCFEB81A56020300FE69BB /* Info.plist */,
			);
			name = "Supporting Files";
			sourceTree = "<group>";
		};
/* End PBXGroup section */

/* Begin PBXNativeTarget section */
		2ADCFE991A56020300FE69BB /* Buttons Game */ = {
			isa = PBXNativeTarget;
			buildConfigurationList = 2ADCFEBD1A56020300FE69BB /* Build configuration list for PBXNativeTarget "Buttons Game" */;
			buildPhases = (
				2ADCFE961A56020300FE69BB /* Sources */,
				2ADCFE971A56020300FE69BB /* Frameworks */,
				2ADCFE981A56020300FE69BB /* Resources */,
			);
			buildRules = (
			);
			dependencies = (
			);
			name = "Buttons Game";
			productName = "Buttons Game";
			productReference = 2ADCFE9A1A56020300FE69BB /* Buttons Game.app */;
			productType = "com.apple.product-type.application";
		};
		2ADCFEB21A56020300FE69BB /* Buttons GameTests */ = {
			isa = PBXNativeTarget;
			buildConfigurationList = 2ADCFEC01A56020300FE69BB /* Build configuration list for PBXNativeTarget "Buttons GameTests" */;
			buildPhases = (
				2ADCFEAF1A56020300FE69BB /* Sources */,
				2ADCFEB01A56020300FE69BB /* Frameworks */,
				2ADCFEB11A56020300FE69BB /* Resources */,
			);
			buildRules = (
			);
			dependencies = (
				2ADCFEB51A56020300FE69BB /* PBXTargetDependency */,
			);
			name = "Buttons GameTests";
			productName = "Buttons GameTests";
			productReference = 2ADCFEB31A56020300FE69BB /* Buttons GameTests.xctest */;
			productType = "com.apple.product-type.bundle.unit-test";
		};
/* End PBXNativeTarget section */

/* Begin PBXProject section */
		2ADCFE921A56020300FE69BB /* Project object */ = {
			isa = PBXProject;
			attributes = {
				LastUpgradeCheck = 0610;
				ORGANIZATIONNAME = "LJ Sigersmith";
				TargetAttributes = {
					2ADCFE991A56020300FE69BB = {
						CreatedOnToolsVersion = 6.1.1;
					};
					2ADCFEB21A56020300FE69BB = {
						CreatedOnToolsVersion = 6.1.1;
						TestTargetID = 2ADCFE991A56020300FE69BB;
					};
				};
			};
			buildConfigurationList = 2ADCFE951A56020300FE69BB /* Build configuration list for PBXProject "Buttons Game" */;
			compatibilityVersion = "Xcode 3.2";
			developmentRegion = English;
			hasScannedForEncodings = 0;
			knownRegions = (
				en,
				Base,
			);
			mainGroup = 2ADCFE911A56020300FE69BB;
			productRefGroup = 2ADCFE9B1A56020300FE69BB /* Products */;
			projectDirPath = "";
			projectRoot = "";
			targets = (
				2ADCFE991A56020300FE69BB /* Buttons Game */,
				2ADCFEB21A56020300FE69BB /* Buttons GameTests */,
			);
		};
/* End PBXProject section */

/* Begin PBXResourcesBuildPhase section */
		2ADCFE981A56020300FE69BB /* Resources */ = {
			isa = PBXResourcesBuildPhase;
			buildActionMask = 2147483647;
			files = (
				2ADCFEA91A56020300FE69BB /* Main.storyboard in Resources */,
				2ADCFEC41A561C2B00FE69BB /* Background.jpg in Resources */,
				2ADCFEAE1A56020300FE69BB /* LaunchScreen.xib in Resources */,
				2ADCFEAB1A56020300FE69BB /* Images.xcassets in Resources */,
			);
			runOnlyForDeploymentPostprocessing = 0;
		};
		2ADCFEB11A56020300FE69BB /* Resources */ = {
			isa = PBXResourcesBuildPhase;
			buildActionMask = 2147483647;
			files = (
			);
			runOnlyForDeploymentPostprocessing = 0;
		};
/* End PBXResourcesBuildPhase section */

/* Begin PBXSourcesBuildPhase section */
		2ADCFE961A56020300FE69BB /* Sources */ = {
			isa = PBXSourcesBuildPhase;
			buildActionMask = 2147483647;
			files = (
				2ADCFEA61A56020300FE69BB /* ViewController.m in Sources */,
				2ADCFEA31A56020300FE69BB /* AppDelegate.m in Sources */,
				2ADCFEA01A56020300FE69BB /* main.m in Sources */,
			);
			runOnlyForDeploymentPostprocessing = 0;
		};
		2ADCFEAF1A56020300FE69BB /* Sources */ = {
			isa = PBXSourcesBuildPhase;
			buildActionMask = 2147483647;
			files = (
				2ADCFEBA1A56020300FE69BB /* Buttons_GameTests.m in Sources */,
			);
			runOnlyForDeploymentPostprocessing = 0;
		};
/* End PBXSourcesBuildPhase section */

/* Begin PBXTargetDependency section */
		2ADCFEB51A56020300FE69BB /* PBXTargetDependency */ = {
			isa = PBXTargetDependency;
			target = 2ADCFE991A56020300FE69BB /* Buttons Game */;
			targetProxy = 2ADCFEB41A56020300FE69BB /* PBXContainerItemProxy */;
		};
/* End PBXTargetDependency section */

/* Begin PBXVariantGroup section */
		2ADCFEA71A56020300FE69BB /* Main.storyboard */ = {
			isa = PBXVariantGroup;
			children = (
				2ADCFEA81A56020300FE69BB /* Base */,
			);
			name = Main.storyboard;
			sourceTree = "<group>";
		};
		2ADCFEAC1A56020300FE69BB /* LaunchScreen.xib */ = {
			isa = PBXVariantGroup;
			children = (
				2ADCFEAD1A56020300FE69BB /* Base */,
			);
			name = LaunchScreen.xib;
			sourceTree = "<group>";
		};
/* End PBXVariantGroup section */

/* Begin XCBuildConfiguration section */
		2ADCFEBB1A56020300FE69BB /* Debug */ = {
			isa = XCBuildConfiguration;
			buildSettings = {
				ALWAYS_SEARCH_USER_PATHS = NO;
				CLANG_CXX_LANGUAGE_STANDARD = "gnu++0x";
				CLANG_CXX_LIBRARY = "libc++";
				CLANG_ENABLE_MODULES = YES;
				CLANG_ENABLE_OBJC_ARC = YES;
				CLANG_WARN_BOOL_CONVERSION = YES;
				CLANG_WARN_CONSTANT_CONVERSION = YES;
				CLANG_WARN_DIRECT_OBJC_ISA_USAGE = YES_ERROR;
				CLANG_WARN_EMPTY_BODY = YES;
				CLANG_WARN_ENUM_CONVERSION = YES;
				CLANG_WARN_INT_CONVERSION = YES;
				CLANG_WARN_OBJC_ROOT_CLASS = YES_ERROR;
				CLANG_WARN_UNREACHABLE_CODE = YES;
				CLANG_WARN__DUPLICATE_METHOD_MATCH = YES;
				"CODE_SIGN_IDENTITY[sdk=iphoneos*]" = "iPhone Developer";
				COPY_PHASE_STRIP = NO;
				ENABLE_STRICT_OBJC_MSGSEND = YES;
				GCC_C_LANGUAGE_STANDARD = gnu99;
				GCC_DYNAMIC_NO_PIC = NO;
				GCC_OPTIMIZATION_LEVEL = 0;
				GCC_PREPROCESSOR_DEFINITIONS = (
					"DEBUG=1",
					"$(inherited)",
				);
				GCC_SYMBOLS_PRIVATE_EXTERN = NO;
				GCC_WARN_64_TO_32_BIT_CONVERSION = YES;
				GCC_WARN_ABOUT_RETURN_TYPE = YES_ERROR;
				GCC_WARN_UNDECLARED_SELECTOR = YES;
				GCC_WARN_UNINITIALIZED_AUTOS = YES_AGGRESSIVE;
				GCC_WARN_UNUSED_FUNCTION = YES;
				GCC_WARN_UNUSED_VARIABLE = YES;
				IPHONEOS_DEPLOYMENT_TARGET = 8.1;
				MTL_ENABLE_DEBUG_INFO = YES;
				ONLY_ACTIVE_ARCH = YES;
				SDKROOT = iphoneos;
			};
			name = Debug;
		};
		2ADCFEBC1A56020300FE69BB /* Release */ = {
			isa = XCBuildConfiguration;
			buildSettings = {
				ALWAYS_SEARCH_USER_PATHS = NO;
				CLANG_CXX_LANGUAGE_STANDARD = "gnu++0x";
				CLANG_CXX_LIBRARY = "libc++";
				CLANG_ENABLE_MODULES = YES;
				CLANG_ENABLE_OBJC_ARC = YES;
				CLANG_WARN_BOOL_CONVERSION = YES;
				CLANG_WARN_CONSTANT_CONVERSION = YES;
				CLANG_WARN_DIRECT_OBJC_ISA_USAGE = YES_ERROR;
				CLANG_WARN_EMPTY_BODY = YES;
				CLANG_WARN_ENUM_CONVERSION = YES;
				CLANG_WARN_INT_CONVERSION = YES;
				CLANG_WARN_OBJC_ROOT_CLASS = YES_ERROR;
				CLANG_WARN_UNREACHABLE_CODE = YES;
				CLANG_WARN__DUPLICATE_METHOD_MATCH = YES;
				"CODE_SIGN_IDENTITY[sdk=iphoneos*]" = "iPhone Developer";
				COPY_PHASE_STRIP = YES;
				ENABLE_NS_ASSERTIONS = NO;
				ENABLE_STRICT_OBJC_MSGSEND = YES;
				GCC_C_LANGUAGE_STANDARD = gnu99;
				GCC_WARN_64_TO_32_BIT_CONVERSION = YES;
				GCC_WARN_ABOUT_RETURN_TYPE = YES_ERROR;
				GCC_WARN_UNDECLARED_SELECTOR = YES;
				GCC_WARN_UNINITIALIZED_AUTOS = YES_AGGRESSIVE;
				GCC_WARN_UNUSED_FUNCTION = YES;
				GCC_WARN_UNUSED_VARIABLE = YES;
				IPHONEOS_DEPLOYMENT_TARGET = 8.1;
				MTL_ENABLE_DEBUG_INFO = NO;
				SDKROOT = iphoneos;
				VALIDATE_PRODUCT = YES;
			};
			name = Release;
		};
		2ADCFEBE1A56020300FE69BB /* Debug */ = {
			isa = XCBuildConfiguration;
			buildSettings = {
				ASSETCATALOG_COMPILER_APPICON_NAME = AppIcon;
				INFOPLIST_FILE = "Buttons Game/Info.plist";
				LD_RUNPATH_SEARCH_PATHS = "$(inherited) @executable_path/Frameworks";
				PRODUCT_NAME = "$(TARGET_NAME)";
				TARGETED_DEVICE_FAMILY = 1;
			};
			name = Debug;
		};
		2ADCFEBF1A56020300FE69BB /* Release */ = {
			isa = XCBuildConfiguration;
			buildSettings = {
				ASSETCATALOG_COMPILER_APPICON_NAME = AppIcon;
				INFOPLIST_FILE = "Buttons Game/Info.plist";
				LD_RUNPATH_SEARCH_PATHS = "$(inherited) @executable_path/Frameworks";
				PRODUCT_NAME = "$(TARGET_NAME)";
				TARGETED_DEVICE_FAMILY = 1;
			};
			name = Release;
		};
		2ADCFEC11A56020300FE69BB /* Debug */ = {
			isa = XCBuildConfiguration;
			buildSettings = {
				BUNDLE_LOADER = "$(TEST_HOST)";
				FRAMEWORK_SEARCH_PATHS = (
					"$(SDKROOT)/Developer/Library/Frameworks",
					"$(inherited)",
				);
				GCC_PREPROCESSOR_DEFINITIONS = (
					"DEBUG=1",
					"$(inherited)",
				);
				INFOPLIST_FILE = "Buttons GameTests/Info.plist";
				LD_RUNPATH_SEARCH_PATHS = "$(inherited) @executable_path/Frameworks @loader_path/Frameworks";
				PRODUCT_NAME = "$(TARGET_NAME)";
				TEST_HOST = "$(BUILT_PRODUCTS_DIR)/Buttons Game.app/Buttons Game";
			};
			name = Debug;
		};
		2ADCFEC21A56020300FE69BB /* Release */ = {
			isa = XCBuildConfiguration;
			buildSettings = {
				BUNDLE_LOADER = "$(TEST_HOST)";
				FRAMEWORK_SEARCH_PATHS = (
					"$(SDKROOT)/Developer/Library/Frameworks",
					"$(inherited)",
				);
				INFOPLIST_FILE = "Buttons GameTests/Info.plist";
				LD_RUNPATH_SEARCH_PATHS = "$(inherited) @executable_path/Frameworks @loader_path/Frameworks";
				PRODUCT_NAME = "$(TARGET_NAME)";
				TEST_HOST = "$(BUILT_PRODUCTS_DIR)/Buttons Game.app/Buttons Game";
			};
			name = Release;
		};
/* End XCBuildConfiguration section */

/* Begin XCConfigurationList section */
		2ADCFE951A56020300FE69BB /* Build configuration list for PBXProject "Buttons Game" */ = {
			isa = XCConfigurationList;
			buildConfigurations = (
				2ADCFEBB1A56020300FE69BB /* Debug */,
				2ADCFEBC1A56020300FE69BB /* Release */,
			);
			defaultConfigurationIsVisible = 0;
			defaultConfigurationName = Release;
		};
		2ADCFEBD1A56020300FE69BB /* Build configuration list for PBXNativeTarget "Buttons Game" */ = {
			isa = XCConfigurationList;
			buildConfigurations = (
				2ADCFEBE1A56020300FE69BB /* Debug */,
				2ADCFEBF1A56020300FE69BB /* Release */,
			);
			defaultConfigurationIsVisible = 0;
			defaultConfigurationName = Release;
		};
		2ADCFEC01A56020300FE69BB /* Build configuration list for PBXNativeTarget "Buttons GameTests" */ = {
			isa = XCConfigurationList;
			buildConfigurations = (
				2ADCFEC11A56020300FE69BB /* Debug */,
				2ADCFEC21A56020300FE69BB /* Release */,
			);
			defaultConfigurationIsVisible = 0;
			defaultConfigurationName = Release;
		};
/* End XCConfigurationList section */
	};
	rootObject = 2ADCFE921A56020300FE69BB /* Project object */;
}
